// !$*UTF8*$!
{
	archiveVersion = 1;
	classes = {
	};
	objectVersion = 50;
	objects = {

/* Begin PBXBuildFile section */
		10A3B9EF9958FAF9B650470A /* Pods_Birthdays.framework in Frameworks */ = {isa = PBXBuildFile; fileRef = 19F96C7F1C0DB2FEF597BD1D /* Pods_Birthdays.framework */; };
		40074D8E25F51714001A886D /* AppDelegate.swift in Sources */ = {isa = PBXBuildFile; fileRef = 40074D8D25F51714001A886D /* AppDelegate.swift */; };
		40074D9025F51714001A886D /* SceneDelegate.swift in Sources */ = {isa = PBXBuildFile; fileRef = 40074D8F25F51714001A886D /* SceneDelegate.swift */; };
		40074D9225F51714001A886D /* BirthdaysViewController.swift in Sources */ = {isa = PBXBuildFile; fileRef = 40074D9125F51714001A886D /* BirthdaysViewController.swift */; };
		40074D9525F51714001A886D /* Main.storyboard in Resources */ = {isa = PBXBuildFile; fileRef = 40074D9325F51714001A886D /* Main.storyboard */; };
		40074D9825F51714001A886D /* Birthdays.xcdatamodeld in Sources */ = {isa = PBXBuildFile; fileRef = 40074D9625F51714001A886D /* Birthdays.xcdatamodeld */; };
		40074D9D25F51718001A886D /* LaunchScreen.storyboard in Resources */ = {isa = PBXBuildFile; fileRef = 40074D9B25F51718001A886D /* LaunchScreen.storyboard */; };
		4029965025F6723A007AA1CB /* Assets.xcassets in Resources */ = {isa = PBXBuildFile; fileRef = 4029964F25F67238007AA1CB /* Assets.xcassets */; };
		40DF44DB25F5408900E98B9C /* AddBirthdayViewController.swift in Sources */ = {isa = PBXBuildFile; fileRef = 40DF44DA25F5408900E98B9C /* AddBirthdayViewController.swift */; };
/* End PBXBuildFile section */

/* Begin PBXFileReference section */
		19F96C7F1C0DB2FEF597BD1D /* Pods_Birthdays.framework */ = {isa = PBXFileReference; explicitFileType = wrapper.framework; includeInIndex = 0; path = Pods_Birthdays.framework; sourceTree = BUILT_PRODUCTS_DIR; };
		3FA54E7E0ECC4C778A636FF7 /* Pods-Birthdays.release.xcconfig */ = {isa = PBXFileReference; includeInIndex = 1; lastKnownFileType = text.xcconfig; name = "Pods-Birthdays.release.xcconfig"; path = "Target Support Files/Pods-Birthdays/Pods-Birthdays.release.xcconfig"; sourceTree = "<group>"; };
		40074D8A25F51714001A886D /* Birthdays.app */ = {isa = PBXFileReference; explicitFileType = wrapper.application; includeInIndex = 0; path = Birthdays.app; sourceTree = BUILT_PRODUCTS_DIR; };
		40074D8D25F51714001A886D /* AppDelegate.swift */ = {isa = PBXFileReference; lastKnownFileType = sourcecode.swift; path = AppDelegate.swift; sourceTree = "<group>"; };
		40074D8F25F51714001A886D /* SceneDelegate.swift */ = {isa = PBXFileReference; lastKnownFileType = sourcecode.swift; path = SceneDelegate.swift; sourceTree = "<group>"; };
		40074D9125F51714001A886D /* BirthdaysViewController.swift */ = {isa = PBXFileReference; lastKnownFileType = sourcecode.swift; path = BirthdaysViewController.swift; sourceTree = "<group>"; };
		40074D9425F51714001A886D /* Base */ = {isa = PBXFileReference; lastKnownFileType = file.storyboard; name = Base; path = Base.lproj/Main.storyboard; sourceTree = "<group>"; };
		40074D9725F51714001A886D /* Birthdays.xcdatamodel */ = {isa = PBXFileReference; lastKnownFileType = wrapper.xcdatamodel; path = Birthdays.xcdatamodel; sourceTree = "<group>"; };
		40074D9C25F51718001A886D /* Base */ = {isa = PBXFileReference; lastKnownFileType = file.storyboard; name = Base; path = Base.lproj/LaunchScreen.storyboard; sourceTree = "<group>"; };
		40074D9E25F51718001A886D /* Info.plist */ = {isa = PBXFileReference; lastKnownFileType = text.plist.xml; path = Info.plist; sourceTree = "<group>"; };
		4029964F25F67238007AA1CB /* Assets.xcassets */ = {isa = PBXFileReference; lastKnownFileType = folder.assetcatalog; path = Assets.xcassets; sourceTree = "<group>"; };
		40DF44DA25F5408900E98B9C /* AddBirthdayViewController.swift */ = {isa = PBXFileReference; lastKnownFileType = sourcecode.swift; path = AddBirthdayViewController.swift; sourceTree = "<group>"; };
		F46CF14CDC728D1E152E3A8E /* Pods-Birthdays.debug.xcconfig */ = {isa = PBXFileReference; includeInIndex = 1; lastKnownFileType = text.xcconfig; name = "Pods-Birthdays.debug.xcconfig"; path = "Target Support Files/Pods-Birthdays/Pods-Birthdays.debug.xcconfig"; sourceTree = "<group>"; };
/* End PBXFileReference section */

/* Begin PBXFrameworksBuildPhase section */
		40074D8725F51714001A886D /* Frameworks */ = {
			isa = PBXFrameworksBuildPhase;
			buildActionMask = 2147483647;
			files = (
				10A3B9EF9958FAF9B650470A /* Pods_Birthdays.framework in Frameworks */,
			);
			runOnlyForDeploymentPostprocessing = 0;
		};
/* End PBXFrameworksBuildPhase section */

/* Begin PBXGroup section */
		40074D8125F51714001A886D = {
			isa = PBXGroup;
			children = (
				40074D8C25F51714001A886D /* Birthdays */,
				40074D8B25F51714001A886D /* Products */,
				E3D101450D9BFF4CE8E93F3A /* Pods */,
				969267CFE807E20D3F688FD3 /* Frameworks */,
			);
			sourceTree = "<group>";
		};
		40074D8B25F51714001A886D /* Products */ = {
			isa = PBXGroup;
			children = (
				40074D8A25F51714001A886D /* Birthdays.app */,
			);
			name = Products;
			sourceTree = "<group>";
		};
		40074D8C25F51714001A886D /* Birthdays */ = {
			isa = PBXGroup;
			children = (
				40074D8D25F51714001A886D /* AppDelegate.swift */,
				40074D8F25F51714001A886D /* SceneDelegate.swift */,
				40074D9325F51714001A886D /* Main.storyboard */,
				4029964F25F67238007AA1CB /* Assets.xcassets */,
				40074D9B25F51718001A886D /* LaunchScreen.storyboard */,
				40074D9E25F51718001A886D /* Info.plist */,
				40074D9625F51714001A886D /* Birthdays.xcdatamodeld */,
				40DF44DD25F540FC00E98B9C /* Controllers */,
			);
			path = Birthdays;
			sourceTree = "<group>";
		};
		40DF44DD25F540FC00E98B9C /* Controllers */ = {
			isa = PBXGroup;
			children = (
				40DF44DA25F5408900E98B9C /* AddBirthdayViewController.swift */,
				40074D9125F51714001A886D /* BirthdaysViewController.swift */,
			);
			path = Controllers;
			sourceTree = "<group>";
		};
		969267CFE807E20D3F688FD3 /* Frameworks */ = {
			isa = PBXGroup;
			children = (
				19F96C7F1C0DB2FEF597BD1D /* Pods_Birthdays.framework */,
			);
			name = Frameworks;
			sourceTree = "<group>";
		};
		E3D101450D9BFF4CE8E93F3A /* Pods */ = {
			isa = PBXGroup;
			children = (
				F46CF14CDC728D1E152E3A8E /* Pods-Birthdays.debug.xcconfig */,
				3FA54E7E0ECC4C778A636FF7 /* Pods-Birthdays.release.xcconfig */,
			);
			name = Pods;
			path = Pods;
			sourceTree = "<group>";
		};
/* End PBXGroup section */

/* Begin PBXNativeTarget section */
		40074D8925F51714001A886D /* Birthdays */ = {
			isa = PBXNativeTarget;
			buildConfigurationList = 40074DA125F51718001A886D /* Build configuration list for PBXNativeTarget "Birthdays" */;
			buildPhases = (
				D0F56D74EBD287014F3FDA82 /* [CP] Check Pods Manifest.lock */,
				40074D8625F51714001A886D /* Sources */,
				40074D8725F51714001A886D /* Frameworks */,
				40074D8825F51714001A886D /* Resources */,
				1EF75C1DB51D5973F5C5AB5F /* [CP] Embed Pods Frameworks */,
			);
			buildRules = (
			);
			dependencies = (
			);
			name = Birthdays;
			productName = Birthdays;
			productReference = 40074D8A25F51714001A886D /* Birthdays.app */;
			productType = "com.apple.product-type.application";
		};
/* End PBXNativeTarget section */

/* Begin PBXProject section */
		40074D8225F51714001A886D /* Project object */ = {
			isa = PBXProject;
			attributes = {
				LastSwiftUpdateCheck = 1240;
				LastUpgradeCheck = 1240;
				TargetAttributes = {
					40074D8925F51714001A886D = {
						CreatedOnToolsVersion = 12.4;
					};
				};
			};
			buildConfigurationList = 40074D8525F51714001A886D /* Build configuration list for PBXProject "Birthdays" */;
			compatibilityVersion = "Xcode 9.3";
			developmentRegion = en;
			hasScannedForEncodings = 0;
			knownRegions = (
				en,
				Base,
			);
			mainGroup = 40074D8125F51714001A886D;
			productRefGroup = 40074D8B25F51714001A886D /* Products */;
			projectDirPath = "";
			projectRoot = "";
			targets = (
				40074D8925F51714001A886D /* Birthdays */,
			);
		};
/* End PBXProject section */

/* Begin PBXResourcesBuildPhase section */
		40074D8825F51714001A886D /* Resources */ = {
			isa = PBXResourcesBuildPhase;
			buildActionMask = 2147483647;
			files = (
				40074D9D25F51718001A886D /* LaunchScreen.storyboard in Resources */,
				4029965025F6723A007AA1CB /* Assets.xcassets in Resources */,
				40074D9525F51714001A886D /* Main.storyboard in Resources */,
			);
			runOnlyForDeploymentPostprocessing = 0;
		};
/* End PBXResourcesBuildPhase section */

/* Begin PBXShellScriptBuildPhase section */
		1EF75C1DB51D5973F5C5AB5F /* [CP] Embed Pods Frameworks */ = {
			isa = PBXShellScriptBuildPhase;
			buildActionMask = 2147483647;
			files = (
			);
			inputFileListPaths = (
				"${PODS_ROOT}/Target Support Files/Pods-Birthdays/Pods-Birthdays-frameworks-${CONFIGURATION}-input-files.xcfilelist",
			);
			name = "[CP] Embed Pods Frameworks";
			outputFileListPaths = (
				"${PODS_ROOT}/Target Support Files/Pods-Birthdays/Pods-Birthdays-frameworks-${CONFIGURATION}-output-files.xcfilelist",
			);
			runOnlyForDeploymentPostprocessing = 0;
			shellPath = /bin/sh;
			shellScript = "\"${PODS_ROOT}/Target Support Files/Pods-Birthdays/Pods-Birthdays-frameworks.sh\"\n";
			showEnvVarsInLog = 0;
		};
		D0F56D74EBD287014F3FDA82 /* [CP] Check Pods Manifest.lock */ = {
			isa = PBXShellScriptBuildPhase;
			buildActionMask = 2147483647;
			files = (
			);
			inputFileListPaths = (
			);
			inputPaths = (
				"${PODS_PODFILE_DIR_PATH}/Podfile.lock",
				"${PODS_ROOT}/Manifest.lock",
			);
			name = "[CP] Check Pods Manifest.lock";
			outputFileListPaths = (
			);
			outputPaths = (
				"$(DERIVED_FILE_DIR)/Pods-Birthdays-checkManifestLockResult.txt",
			);
			runOnlyForDeploymentPostprocessing = 0;
			shellPath = /bin/sh;
			shellScript = "diff \"${PODS_PODFILE_DIR_PATH}/Podfile.lock\" \"${PODS_ROOT}/Manifest.lock\" > /dev/null\nif [ $? != 0 ] ; then\n    # print error to STDERR\n    echo \"error: The sandbox is not in sync with the Podfile.lock. Run 'pod install' or update your CocoaPods installation.\" >&2\n    exit 1\nfi\n# This output is used by Xcode 'outputs' to avoid re-running this script phase.\necho \"SUCCESS\" > \"${SCRIPT_OUTPUT_FILE_0}\"\n";
			showEnvVarsInLog = 0;
		};
/* End PBXShellScriptBuildPhase section */

/* Begin PBXSourcesBuildPhase section */
		40074D8625F51714001A886D /* Sources */ = {
			isa = PBXSourcesBuildPhase;
			buildActionMask = 2147483647;
			files = (
				40074D9825F51714001A886D /* Birthdays.xcdatamodeld in Sources */,
				40DF44DB25F5408900E98B9C /* AddBirthdayViewController.swift in Sources */,
				40074D9225F51714001A886D /* BirthdaysViewController.swift in Sources */,
				40074D8E25F51714001A886D /* AppDelegate.swift in Sources */,
				40074D9025F51714001A886D /* SceneDelegate.swift in Sources */,
			);
			runOnlyForDeploymentPostprocessing = 0;
		};
/* End PBXSourcesBuildPhase section */

/* Begin PBXVariantGroup section */
		40074D9325F51714001A886D /* Main.storyboard */ = {
			isa = PBXVariantGroup;
			children = (
				40074D9425F51714001A886D /* Base */,
			);
			name = Main.storyboard;
			sourceTree = "<group>";
		};
		40074D9B25F51718001A886D /* LaunchScreen.storyboard */ = {
			isa = PBXVariantGroup;
			children = (
				40074D9C25F51718001A886D /* Base */,
			);
			name = LaunchScreen.storyboard;
			sourceTree = "<group>";
		};
/* End PBXVariantGroup section */

/* Begin XCBuildConfiguration section */
		40074D9F25F51718001A886D /* Debug */ = {
			isa = XCBuildConfiguration;
			buildSettings = {
				ALWAYS_SEARCH_USER_PATHS = NO;
				CLANG_ANALYZER_NONNULL = YES;
				CLANG_ANALYZER_NUMBER_OBJECT_CONVERSION = YES_AGGRESSIVE;
				CLANG_CXX_LANGUAGE_STANDARD = "gnu++14";
				CLANG_CXX_LIBRARY = "libc++";
				CLANG_ENABLE_MODULES = YES;
				CLANG_ENABLE_OBJC_ARC = YES;
				CLANG_ENABLE_OBJC_WEAK = YES;
				CLANG_WARN_BLOCK_CAPTURE_AUTORELEASING = YES;
				CLANG_WARN_BOOL_CONVERSION = YES;
				CLANG_WARN_COMMA = YES;
				CLANG_WARN_CONSTANT_CONVERSION = YES;
				CLANG_WARN_DEPRECATED_OBJC_IMPLEMENTATIONS = YES;
				CLANG_WARN_DIRECT_OBJC_ISA_USAGE = YES_ERROR;
				CLANG_WARN_DOCUMENTATION_COMMENTS = YES;
				CLANG_WARN_EMPTY_BODY = YES;
				CLANG_WARN_ENUM_CONVERSION = YES;
				CLANG_WARN_INFINITE_RECURSION = YES;
				CLANG_WARN_INT_CONVERSION = YES;
				CLANG_WARN_NON_LITERAL_NULL_CONVERSION = YES;
				CLANG_WARN_OBJC_IMPLICIT_RETAIN_SELF = YES;
				CLANG_WARN_OBJC_LITERAL_CONVERSION = YES;
				CLANG_WARN_OBJC_ROOT_CLASS = YES_ERROR;
				CLANG_WARN_QUOTED_INCLUDE_IN_FRAMEWORK_HEADER = YES;
				CLANG_WARN_RANGE_LOOP_ANALYSIS = YES;
				CLANG_WARN_STRICT_PROTOTYPES = YES;
				CLANG_WARN_SUSPICIOUS_MOVE = YES;
				CLANG_WARN_UNGUARDED_AVAILABILITY = YES_AGGRESSIVE;
				CLANG_WARN_UNREACHABLE_CODE = YES;
				CLANG_WARN__DUPLICATE_METHOD_MATCH = YES;
				COPY_PHASE_STRIP = NO;
				DEBUG_INFORMATION_FORMAT = dwarf;
				ENABLE_STRICT_OBJC_MSGSEND = YES;
				ENABLE_TESTABILITY = YES;
				GCC_C_LANGUAGE_STANDARD = gnu11;
				GCC_DYNAMIC_NO_PIC = NO;
				GCC_NO_COMMON_BLOCKS = YES;
				GCC_OPTIMIZATION_LEVEL = 0;
				GCC_PREPROCESSOR_DEFINITIONS = (
					"DEBUG=1",
					"$(inherited)",
				);
				GCC_WARN_64_TO_32_BIT_CONVERSION = YES;
				GCC_WARN_ABOUT_RETURN_TYPE = YES_ERROR;
				GCC_WARN_UNDECLARED_SELECTOR = YES;
				GCC_WARN_UNINITIALIZED_AUTOS = YES_AGGRESSIVE;
				GCC_WARN_UNUSED_FUNCTION = YES;
				GCC_WARN_UNUSED_VARIABLE = YES;
				IPHONEOS_DEPLOYMENT_TARGET = 14.4;
				MTL_ENABLE_DEBUG_INFO = INCLUDE_SOURCE;
				MTL_FAST_MATH = YES;
				ONLY_ACTIVE_ARCH = YES;
				SDKROOT = iphoneos;
				SWIFT_ACTIVE_COMPILATION_CONDITIONS = DEBUG;
				SWIFT_OPTIMIZATION_LEVEL = "-Onone";
			};
			name = Debug;
		};
		40074DA025F51718001A886D /* Release */ = {
			isa = XCBuildConfiguration;
			buildSettings = {
				ALWAYS_SEARCH_USER_PATHS = NO;
				CLANG_ANALYZER_NONNULL = YES;
				CLANG_ANALYZER_NUMBER_OBJECT_CONVERSION = YES_AGGRESSIVE;
				CLANG_CXX_LANGUAGE_STANDARD = "gnu++14";
				CLANG_CXX_LIBRARY = "libc++";
				CLANG_ENABLE_MODULES = YES;
				CLANG_ENABLE_OBJC_ARC = YES;
				CLANG_ENABLE_OBJC_WEAK = YES;
				CLANG_WARN_BLOCK_CAPTURE_AUTORELEASING = YES;
				CLANG_WARN_BOOL_CONVERSION = YES;
				CLANG_WARN_COMMA = YES;
				CLANG_WARN_CONSTANT_CONVERSION = YES;
				CLANG_WARN_DEPRECATED_OBJC_IMPLEMENTATIONS = YES;
				CLANG_WARN_DIRECT_OBJC_ISA_USAGE = YES_ERROR;
				CLANG_WARN_DOCUMENTATION_COMMENTS = YES;
				CLANG_WARN_EMPTY_BODY = YES;
				CLANG_WARN_ENUM_CONVERSION = YES;
				CLANG_WARN_INFINITE_RECURSION = YES;
				CLANG_WARN_INT_CONVERSION = YES;
				CLANG_WARN_NON_LITERAL_NULL_CONVERSION = YES;
				CLANG_WARN_OBJC_IMPLICIT_RETAIN_SELF = YES;
				CLANG_WARN_OBJC_LITERAL_CONVERSION = YES;
				CLANG_WARN_OBJC_ROOT_CLASS = YES_ERROR;
				CLANG_WARN_QUOTED_INCLUDE_IN_FRAMEWORK_HEADER = YES;
				CLANG_WARN_RANGE_LOOP_ANALYSIS = YES;
				CLANG_WARN_STRICT_PROTOTYPES = YES;
				CLANG_WARN_SUSPICIOUS_MOVE = YES;
				CLANG_WARN_UNGUARDED_AVAILABILITY = YES_AGGRESSIVE;
				CLANG_WARN_UNREACHABLE_CODE = YES;
				CLANG_WARN__DUPLICATE_METHOD_MATCH = YES;
				COPY_PHASE_STRIP = NO;
				DEBUG_INFORMATION_FORMAT = "dwarf-with-dsym";
				ENABLE_NS_ASSERTIONS = NO;
				ENABLE_STRICT_OBJC_MSGSEND = YES;
				GCC_C_LANGUAGE_STANDARD = gnu11;
				GCC_NO_COMMON_BLOCKS = YES;
				GCC_WARN_64_TO_32_BIT_CONVERSION = YES;
				GCC_WARN_ABOUT_RETURN_TYPE = YES_ERROR;
				GCC_WARN_UNDECLARED_SELECTOR = YES;
				GCC_WARN_UNINITIALIZED_AUTOS = YES_AGGRESSIVE;
				GCC_WARN_UNUSED_FUNCTION = YES;
				GCC_WARN_UNUSED_VARIABLE = YES;
				IPHONEOS_DEPLOYMENT_TARGET = 14.4;
				MTL_ENABLE_DEBUG_INFO = NO;
				MTL_FAST_MATH = YES;
				SDKROOT = iphoneos;
				SWIFT_COMPILATION_MODE = wholemodule;
				SWIFT_OPTIMIZATION_LEVEL = "-O";
				VALIDATE_PRODUCT = YES;
			};
			name = Release;
		};
		40074DA225F51718001A886D /* Debug */ = {
			isa = XCBuildConfiguration;
			baseConfigurationReference = F46CF14CDC728D1E152E3A8E /* Pods-Birthdays.debug.xcconfig */;
			buildSettings = {
				ASSETCATALOG_COMPILER_APPICON_NAME = AppIcon;
				ASSETCATALOG_COMPILER_GLOBAL_ACCENT_COLOR_NAME = AccentColor;
				CODE_SIGN_STYLE = Automatic;
				DEVELOPMENT_TEAM = URJBK2A2KA;
				INFOPLIST_FILE = Birthdays/Info.plist;
				LD_RUNPATH_SEARCH_PATHS = (
					"$(inherited)",
					"@executable_path/Frameworks",
				);
				PRODUCT_BUNDLE_IDENTIFIER = com.elmira.Birthdays;
				PRODUCT_NAME = "$(TARGET_NAME)";
				SWIFT_VERSION = 5.0;
				TARGETED_DEVICE_FAMILY = "1,2";
			};
			name = Debug;
		};
		40074DA325F51718001A886D /* Release */ = {
			isa = XCBuildConfiguration;
			baseConfigurationReference = 3FA54E7E0ECC4C778A636FF7 /* Pods-Birthdays.release.xcconfig */;
			buildSettings = {
				ASSETCATALOG_COMPILER_APPICON_NAME = AppIcon;
				ASSETCATALOG_COMPILER_GLOBAL_ACCENT_COLOR_NAME = AccentColor;
				CODE_SIGN_STYLE = Automatic;
				DEVELOPMENT_TEAM = URJBK2A2KA;
				INFOPLIST_FILE = Birthdays/Info.plist;
				LD_RUNPATH_SEARCH_PATHS = (
					"$(inherited)",
					"@executable_path/Frameworks",
				);
				PRODUCT_BUNDLE_IDENTIFIER = com.elmira.Birthdays;
				PRODUCT_NAME = "$(TARGET_NAME)";
				SWIFT_VERSION = 5.0;
				TARGETED_DEVICE_FAMILY = "1,2";
			};
			name = Release;
		};
/* End XCBuildConfiguration section */

/* Begin XCConfigurationList section */
		40074D8525F51714001A886D /* Build configuration list for PBXProject "Birthdays" */ = {
			isa = XCConfigurationList;
			buildConfigurations = (
				40074D9F25F51718001A886D /* Debug */,
				40074DA025F51718001A886D /* Release */,
			);
			defaultConfigurationIsVisible = 0;
			defaultConfigurationName = Release;
		};
		40074DA125F51718001A886D /* Build configuration list for PBXNativeTarget "Birthdays" */ = {
			isa = XCConfigurationList;
			buildConfigurations = (
				40074DA225F51718001A886D /* Debug */,
				40074DA325F51718001A886D /* Release */,
			);
			defaultConfigurationIsVisible = 0;
			defaultConfigurationName = Release;
		};
/* End XCConfigurationList section */

/* Begin XCVersionGroup section */
		40074D9625F51714001A886D /* Birthdays.xcdatamodeld */ = {
			isa = XCVersionGroup;
			children = (
				40074D9725F51714001A886D /* Birthdays.xcdatamodel */,
			);
			currentVersion = 40074D9725F51714001A886D /* Birthdays.xcdatamodel */;
			path = Birthdays.xcdatamodeld;
			sourceTree = "<group>";
			versionGroupType = wrapper.xcdatamodel;
		};
/* End XCVersionGroup section */
	};
	rootObject = 40074D8225F51714001A886D /* Project object */;
}
